// !$*UTF8*$!
{
	archiveVersion = 1;
	classes = {
	};
	objectVersion = 46;
	objects = {

/* Begin PBXBuildFile section */
		BA0527651842A7FD00D633D8 /* MKAlbums.m in Sources */ = {isa = PBXBuildFile; fileRef = BA0527641842A7FD00D633D8 /* MKAlbums.m */; };
		BA23BF551842A31C0042A144 /* MKArtist.m in Sources */ = {isa = PBXBuildFile; fileRef = BA23BF541842A31C0042A144 /* MKArtist.m */; };
		BA23BF581842A38D0042A144 /* MKRank.m in Sources */ = {isa = PBXBuildFile; fileRef = BA23BF571842A38D0042A144 /* MKRank.m */; };
		BA23BF5B1842A3E90042A144 /* MKGenre.m in Sources */ = {isa = PBXBuildFile; fileRef = BA23BF5A1842A3E90042A144 /* MKGenre.m */; };
		BA23BF611842A4390042A144 /* MKTopLyrics.m in Sources */ = {isa = PBXBuildFile; fileRef = BA23BF601842A4390042A144 /* MKTopLyrics.m */; };
		BA23BF641842A45A0042A144 /* MKItem.m in Sources */ = {isa = PBXBuildFile; fileRef = BA23BF631842A45A0042A144 /* MKItem.m */; };
		BA9CFAD11840E56600B12540 /* Foundation.framework in Frameworks */ = {isa = PBXBuildFile; fileRef = BA9CFAD01840E56600B12540 /* Foundation.framework */; };
		BA9CFAD31840E56600B12540 /* CoreGraphics.framework in Frameworks */ = {isa = PBXBuildFile; fileRef = BA9CFAD21840E56600B12540 /* CoreGraphics.framework */; };
		BA9CFAD51840E56600B12540 /* UIKit.framework in Frameworks */ = {isa = PBXBuildFile; fileRef = BA9CFAD41840E56600B12540 /* UIKit.framework */; };
		BA9CFADB1840E56600B12540 /* InfoPlist.strings in Resources */ = {isa = PBXBuildFile; fileRef = BA9CFAD91840E56600B12540 /* InfoPlist.strings */; };
		BA9CFADD1840E56600B12540 /* main.m in Sources */ = {isa = PBXBuildFile; fileRef = BA9CFADC1840E56600B12540 /* main.m */; };
		BA9CFAE11840E56600B12540 /* MKAppDelegate.m in Sources */ = {isa = PBXBuildFile; fileRef = BA9CFAE01840E56600B12540 /* MKAppDelegate.m */; };
		BA9CFAE41840E56600B12540 /* Main.storyboard in Resources */ = {isa = PBXBuildFile; fileRef = BA9CFAE21840E56600B12540 /* Main.storyboard */; };
		BA9CFAE71840E56600B12540 /* MKViewController.m in Sources */ = {isa = PBXBuildFile; fileRef = BA9CFAE61840E56600B12540 /* MKViewController.m */; };
		BA9CFAE91840E56600B12540 /* Images.xcassets in Resources */ = {isa = PBXBuildFile; fileRef = BA9CFAE81840E56600B12540 /* Images.xcassets */; };
		BA9CFAF01840E56600B12540 /* XCTest.framework in Frameworks */ = {isa = PBXBuildFile; fileRef = BA9CFAEF1840E56600B12540 /* XCTest.framework */; };
		BA9CFAF11840E56600B12540 /* Foundation.framework in Frameworks */ = {isa = PBXBuildFile; fileRef = BA9CFAD01840E56600B12540 /* Foundation.framework */; };
		BA9CFAF21840E56600B12540 /* UIKit.framework in Frameworks */ = {isa = PBXBuildFile; fileRef = BA9CFAD41840E56600B12540 /* UIKit.framework */; };
		BA9CFAFA1840E56600B12540 /* InfoPlist.strings in Resources */ = {isa = PBXBuildFile; fileRef = BA9CFAF81840E56600B12540 /* InfoPlist.strings */; };
		BA9CFAFC1840E56600B12540 /* MusiKappTests.m in Sources */ = {isa = PBXBuildFile; fileRef = BA9CFAFB1840E56600B12540 /* MusiKappTests.m */; };
		BA9CFB071840F05000B12540 /* MKUISearchBarHelper.m in Sources */ = {isa = PBXBuildFile; fileRef = BA9CFB061840F05000B12540 /* MKUISearchBarHelper.m */; };
/* End PBXBuildFile section */

/* Begin PBXContainerItemProxy section */
		BA9CFAF31840E56600B12540 /* PBXContainerItemProxy */ = {
			isa = PBXContainerItemProxy;
			containerPortal = BA9CFAC51840E56600B12540 /* Project object */;
			proxyType = 1;
			remoteGlobalIDString = BA9CFACC1840E56600B12540;
			remoteInfo = MusiKapp;
		};
/* End PBXContainerItemProxy section */

/* Begin PBXFileReference section */
		BA0527631842A7FD00D633D8 /* MKAlbums.h */ = {isa = PBXFileReference; fileEncoding = 4; lastKnownFileType = sourcecode.c.h; path = MKAlbums.h; sourceTree = "<group>"; };
		BA0527641842A7FD00D633D8 /* MKAlbums.m */ = {isa = PBXFileReference; fileEncoding = 4; lastKnownFileType = sourcecode.c.objc; path = MKAlbums.m; sourceTree = "<group>"; };
		BA23BF5018429EC30042A144 /* MKRepository.h */ = {isa = PBXFileReference; lastKnownFileType = sourcecode.c.h; path = MKRepository.h; sourceTree = "<group>"; };
		BA23BF531842A31C0042A144 /* MKArtist.h */ = {isa = PBXFileReference; fileEncoding = 4; lastKnownFileType = sourcecode.c.h; path = MKArtist.h; sourceTree = "<group>"; };
		BA23BF541842A31C0042A144 /* MKArtist.m */ = {isa = PBXFileReference; fileEncoding = 4; lastKnownFileType = sourcecode.c.objc; path = MKArtist.m; sourceTree = "<group>"; };
		BA23BF561842A38D0042A144 /* MKRank.h */ = {isa = PBXFileReference; fileEncoding = 4; lastKnownFileType = sourcecode.c.h; path = MKRank.h; sourceTree = "<group>"; };
		BA23BF571842A38D0042A144 /* MKRank.m */ = {isa = PBXFileReference; fileEncoding = 4; lastKnownFileType = sourcecode.c.objc; path = MKRank.m; sourceTree = "<group>"; };
		BA23BF591842A3E90042A144 /* MKGenre.h */ = {isa = PBXFileReference; fileEncoding = 4; lastKnownFileType = sourcecode.c.h; path = MKGenre.h; sourceTree = "<group>"; };
		BA23BF5A1842A3E90042A144 /* MKGenre.m */ = {isa = PBXFileReference; fileEncoding = 4; lastKnownFileType = sourcecode.c.objc; path = MKGenre.m; sourceTree = "<group>"; };
		BA23BF5F1842A4390042A144 /* MKTopLyrics.h */ = {isa = PBXFileReference; fileEncoding = 4; lastKnownFileType = sourcecode.c.h; path = MKTopLyrics.h; sourceTree = "<group>"; };
		BA23BF601842A4390042A144 /* MKTopLyrics.m */ = {isa = PBXFileReference; fileEncoding = 4; lastKnownFileType = sourcecode.c.objc; path = MKTopLyrics.m; sourceTree = "<group>"; };
		BA23BF621842A45A0042A144 /* MKItem.h */ = {isa = PBXFileReference; fileEncoding = 4; lastKnownFileType = sourcecode.c.h; path = MKItem.h; sourceTree = "<group>"; };
		BA23BF631842A45A0042A144 /* MKItem.m */ = {isa = PBXFileReference; fileEncoding = 4; lastKnownFileType = sourcecode.c.objc; path = MKItem.m; sourceTree = "<group>"; };
		BA9CFACD1840E56600B12540 /* MusiKapp.app */ = {isa = PBXFileReference; explicitFileType = wrapper.application; includeInIndex = 0; path = MusiKapp.app; sourceTree = BUILT_PRODUCTS_DIR; };
		BA9CFAD01840E56600B12540 /* Foundation.framework */ = {isa = PBXFileReference; lastKnownFileType = wrapper.framework; name = Foundation.framework; path = System/Library/Frameworks/Foundation.framework; sourceTree = SDKROOT; };
		BA9CFAD21840E56600B12540 /* CoreGraphics.framework */ = {isa = PBXFileReference; lastKnownFileType = wrapper.framework; name = CoreGraphics.framework; path = System/Library/Frameworks/CoreGraphics.framework; sourceTree = SDKROOT; };
		BA9CFAD41840E56600B12540 /* UIKit.framework */ = {isa = PBXFileReference; lastKnownFileType = wrapper.framework; name = UIKit.framework; path = System/Library/Frameworks/UIKit.framework; sourceTree = SDKROOT; };
		BA9CFAD81840E56600B12540 /* MusiKapp-Info.plist */ = {isa = PBXFileReference; lastKnownFileType = text.plist.xml; path = "MusiKapp-Info.plist"; sourceTree = "<group>"; };
		BA9CFADA1840E56600B12540 /* en */ = {isa = PBXFileReference; lastKnownFileType = text.plist.strings; name = en; path = en.lproj/InfoPlist.strings; sourceTree = "<group>"; };
		BA9CFADC1840E56600B12540 /* main.m */ = {isa = PBXFileReference; lastKnownFileType = sourcecode.c.objc; path = main.m; sourceTree = "<group>"; };
		BA9CFADE1840E56600B12540 /* MusiKapp-Prefix.pch */ = {isa = PBXFileReference; lastKnownFileType = sourcecode.c.h; path = "MusiKapp-Prefix.pch"; sourceTree = "<group>"; };
		BA9CFADF1840E56600B12540 /* MKAppDelegate.h */ = {isa = PBXFileReference; lastKnownFileType = sourcecode.c.h; path = MKAppDelegate.h; sourceTree = "<group>"; };
		BA9CFAE01840E56600B12540 /* MKAppDelegate.m */ = {isa = PBXFileReference; lastKnownFileType = sourcecode.c.objc; path = MKAppDelegate.m; sourceTree = "<group>"; };
		BA9CFAE31840E56600B12540 /* Base */ = {isa = PBXFileReference; lastKnownFileType = file.storyboard; name = Base; path = Base.lproj/Main.storyboard; sourceTree = "<group>"; };
		BA9CFAE51840E56600B12540 /* MKViewController.h */ = {isa = PBXFileReference; lastKnownFileType = sourcecode.c.h; path = MKViewController.h; sourceTree = "<group>"; };
		BA9CFAE61840E56600B12540 /* MKViewController.m */ = {isa = PBXFileReference; lastKnownFileType = sourcecode.c.objc; path = MKViewController.m; sourceTree = "<group>"; };
		BA9CFAE81840E56600B12540 /* Images.xcassets */ = {isa = PBXFileReference; lastKnownFileType = folder.assetcatalog; path = Images.xcassets; sourceTree = "<group>"; };
		BA9CFAEE1840E56600B12540 /* MusiKappTests.xctest */ = {isa = PBXFileReference; explicitFileType = wrapper.cfbundle; includeInIndex = 0; path = MusiKappTests.xctest; sourceTree = BUILT_PRODUCTS_DIR; };
		BA9CFAEF1840E56600B12540 /* XCTest.framework */ = {isa = PBXFileReference; lastKnownFileType = wrapper.framework; name = XCTest.framework; path = Library/Frameworks/XCTest.framework; sourceTree = DEVELOPER_DIR; };
		BA9CFAF71840E56600B12540 /* MusiKappTests-Info.plist */ = {isa = PBXFileReference; lastKnownFileType = text.plist.xml; path = "MusiKappTests-Info.plist"; sourceTree = "<group>"; };
		BA9CFAF91840E56600B12540 /* en */ = {isa = PBXFileReference; lastKnownFileType = text.plist.strings; name = en; path = en.lproj/InfoPlist.strings; sourceTree = "<group>"; };
		BA9CFAFB1840E56600B12540 /* MusiKappTests.m */ = {isa = PBXFileReference; lastKnownFileType = sourcecode.c.objc; path = MusiKappTests.m; sourceTree = "<group>"; };
		BA9CFB051840F05000B12540 /* MKUISearchBarHelper.h */ = {isa = PBXFileReference; fileEncoding = 4; lastKnownFileType = sourcecode.c.h; path = MKUISearchBarHelper.h; sourceTree = "<group>"; };
		BA9CFB061840F05000B12540 /* MKUISearchBarHelper.m */ = {isa = PBXFileReference; fileEncoding = 4; lastKnownFileType = sourcecode.c.objc; path = MKUISearchBarHelper.m; sourceTree = "<group>"; };
/* End PBXFileReference section */

/* Begin PBXFrameworksBuildPhase section */
		BA9CFACA1840E56600B12540 /* Frameworks */ = {
			isa = PBXFrameworksBuildPhase;
			buildActionMask = 2147483647;
			files = (
				BA9CFAD31840E56600B12540 /* CoreGraphics.framework in Frameworks */,
				BA9CFAD51840E56600B12540 /* UIKit.framework in Frameworks */,
				BA9CFAD11840E56600B12540 /* Foundation.framework in Frameworks */,
			);
			runOnlyForDeploymentPostprocessing = 0;
		};
		BA9CFAEB1840E56600B12540 /* Frameworks */ = {
			isa = PBXFrameworksBuildPhase;
			buildActionMask = 2147483647;
			files = (
				BA9CFAF01840E56600B12540 /* XCTest.framework in Frameworks */,
				BA9CFAF21840E56600B12540 /* UIKit.framework in Frameworks */,
				BA9CFAF11840E56600B12540 /* Foundation.framework in Frameworks */,
			);
			runOnlyForDeploymentPostprocessing = 0;
		};
/* End PBXFrameworksBuildPhase section */

/* Begin PBXGroup section */
		BA23BF4F18429EAA0042A144 /* Protocols */ = {
			isa = PBXGroup;
			children = (
				BA23BF5018429EC30042A144 /* MKRepository.h */,
			);
			name = Protocols;
			sourceTree = "<group>";
		};
		BA23BF521842A2D00042A144 /* Models */ = {
			isa = PBXGroup;
			children = (
				BA23BF531842A31C0042A144 /* MKArtist.h */,
				BA23BF541842A31C0042A144 /* MKArtist.m */,
				BA23BF561842A38D0042A144 /* MKRank.h */,
				BA23BF571842A38D0042A144 /* MKRank.m */,
				BA23BF591842A3E90042A144 /* MKGenre.h */,
				BA23BF5A1842A3E90042A144 /* MKGenre.m */,
				BA23BF5F1842A4390042A144 /* MKTopLyrics.h */,
				BA23BF601842A4390042A144 /* MKTopLyrics.m */,
				BA23BF621842A45A0042A144 /* MKItem.h */,
				BA23BF631842A45A0042A144 /* MKItem.m */,
				BA0527631842A7FD00D633D8 /* MKAlbums.h */,
				BA0527641842A7FD00D633D8 /* MKAlbums.m */,
			);
			name = Models;
			sourceTree = "<group>";
		};
		BA9CFAC41840E56600B12540 = {
			isa = PBXGroup;
			children = (
				BA9CFAD61840E56600B12540 /* MusiKapp */,
				BA9CFAF51840E56600B12540 /* MusiKappTests */,
				BA9CFACF1840E56600B12540 /* Frameworks */,
				BA9CFACE1840E56600B12540 /* Products */,
			);
			sourceTree = "<group>";
		};
		BA9CFACE1840E56600B12540 /* Products */ = {
			isa = PBXGroup;
			children = (
				BA9CFACD1840E56600B12540 /* MusiKapp.app */,
				BA9CFAEE1840E56600B12540 /* MusiKappTests.xctest */,
			);
			name = Products;
			sourceTree = "<group>";
		};
		BA9CFACF1840E56600B12540 /* Frameworks */ = {
			isa = PBXGroup;
			children = (
				BA9CFAD01840E56600B12540 /* Foundation.framework */,
				BA9CFAD21840E56600B12540 /* CoreGraphics.framework */,
				BA9CFAD41840E56600B12540 /* UIKit.framework */,
				BA9CFAEF1840E56600B12540 /* XCTest.framework */,
			);
			name = Frameworks;
			sourceTree = "<group>";
		};
		BA9CFAD61840E56600B12540 /* MusiKapp */ = {
			isa = PBXGroup;
			children = (
				BA23BF521842A2D00042A144 /* Models */,
				BA23BF4F18429EAA0042A144 /* Protocols */,
				BA9CFB081840F05A00B12540 /* Helpers */,
				BA9CFADF1840E56600B12540 /* MKAppDelegate.h */,
				BA9CFAE01840E56600B12540 /* MKAppDelegate.m */,
				BA9CFAE21840E56600B12540 /* Main.storyboard */,
				BA9CFAE51840E56600B12540 /* MKViewController.h */,
				BA9CFAE61840E56600B12540 /* MKViewController.m */,
				BA9CFAE81840E56600B12540 /* Images.xcassets */,
				BA9CFAD71840E56600B12540 /* Supporting Files */,
			);
			path = MusiKapp;
			sourceTree = "<group>";
		};
		BA9CFAD71840E56600B12540 /* Supporting Files */ = {
			isa = PBXGroup;
			children = (
				BA9CFAD81840E56600B12540 /* MusiKapp-Info.plist */,
				BA9CFAD91840E56600B12540 /* InfoPlist.strings */,
				BA9CFADC1840E56600B12540 /* main.m */,
				BA9CFADE1840E56600B12540 /* MusiKapp-Prefix.pch */,
			);
			name = "Supporting Files";
			sourceTree = "<group>";
		};
		BA9CFAF51840E56600B12540 /* MusiKappTests */ = {
			isa = PBXGroup;
			children = (
				BA9CFAFB1840E56600B12540 /* MusiKappTests.m */,
				BA9CFAF61840E56600B12540 /* Supporting Files */,
			);
			path = MusiKappTests;
			sourceTree = "<group>";
		};
		BA9CFAF61840E56600B12540 /* Supporting Files */ = {
			isa = PBXGroup;
			children = (
				BA9CFAF71840E56600B12540 /* MusiKappTests-Info.plist */,
				BA9CFAF81840E56600B12540 /* InfoPlist.strings */,
			);
			name = "Supporting Files";
			sourceTree = "<group>";
		};
		BA9CFB081840F05A00B12540 /* Helpers */ = {
			isa = PBXGroup;
			children = (
				BA9CFB051840F05000B12540 /* MKUISearchBarHelper.h */,
				BA9CFB061840F05000B12540 /* MKUISearchBarHelper.m */,
			);
			name = Helpers;
			sourceTree = "<group>";
		};
/* End PBXGroup section */

/* Begin PBXNativeTarget section */
		BA9CFACC1840E56600B12540 /* MusiKapp */ = {
			isa = PBXNativeTarget;
			buildConfigurationList = BA9CFAFF1840E56600B12540 /* Build configuration list for PBXNativeTarget "MusiKapp" */;
			buildPhases = (
				BA9CFAC91840E56600B12540 /* Sources */,
				BA9CFACA1840E56600B12540 /* Frameworks */,
				BA9CFACB1840E56600B12540 /* Resources */,
			);
			buildRules = (
			);
			dependencies = (
			);
			name = MusiKapp;
			productName = MusiKapp;
			productReference = BA9CFACD1840E56600B12540 /* MusiKapp.app */;
			productType = "com.apple.product-type.application";
		};
		BA9CFAED1840E56600B12540 /* MusiKappTests */ = {
			isa = PBXNativeTarget;
			buildConfigurationList = BA9CFB021840E56600B12540 /* Build configuration list for PBXNativeTarget "MusiKappTests" */;
			buildPhases = (
				BA9CFAEA1840E56600B12540 /* Sources */,
				BA9CFAEB1840E56600B12540 /* Frameworks */,
				BA9CFAEC1840E56600B12540 /* Resources */,
			);
			buildRules = (
			);
			dependencies = (
				BA9CFAF41840E56600B12540 /* PBXTargetDependency */,
			);
			name = MusiKappTests;
			productName = MusiKappTests;
			productReference = BA9CFAEE1840E56600B12540 /* MusiKappTests.xctest */;
			productType = "com.apple.product-type.bundle.unit-test";
		};
/* End PBXNativeTarget section */

/* Begin PBXProject section */
		BA9CFAC51840E56600B12540 /* Project object */ = {
			isa = PBXProject;
			attributes = {
				CLASSPREFIX = MK;
				LastUpgradeCheck = 0500;
				ORGANIZATIONNAME = "Humberto Mendes";
				TargetAttributes = {
					BA9CFAED1840E56600B12540 = {
						TestTargetID = BA9CFACC1840E56600B12540;
					};
				};
			};
			buildConfigurationList = BA9CFAC81840E56600B12540 /* Build configuration list for PBXProject "MusiKapp" */;
			compatibilityVersion = "Xcode 3.2";
			developmentRegion = English;
			hasScannedForEncodings = 0;
			knownRegions = (
				en,
				Base,
			);
			mainGroup = BA9CFAC41840E56600B12540;
			productRefGroup = BA9CFACE1840E56600B12540 /* Products */;
			projectDirPath = "";
			projectRoot = "";
			targets = (
				BA9CFACC1840E56600B12540 /* MusiKapp */,
				BA9CFAED1840E56600B12540 /* MusiKappTests */,
			);
		};
/* End PBXProject section */

/* Begin PBXResourcesBuildPhase section */
		BA9CFACB1840E56600B12540 /* Resources */ = {
			isa = PBXResourcesBuildPhase;
			buildActionMask = 2147483647;
			files = (
				BA9CFAE91840E56600B12540 /* Images.xcassets in Resources */,
				BA9CFADB1840E56600B12540 /* InfoPlist.strings in Resources */,
				BA9CFAE41840E56600B12540 /* Main.storyboard in Resources */,
			);
			runOnlyForDeploymentPostprocessing = 0;
		};
		BA9CFAEC1840E56600B12540 /* Resources */ = {
			isa = PBXResourcesBuildPhase;
			buildActionMask = 2147483647;
			files = (
				BA9CFAFA1840E56600B12540 /* InfoPlist.strings in Resources */,
			);
			runOnlyForDeploymentPostprocessing = 0;
		};
/* End PBXResourcesBuildPhase section */

/* Begin PBXSourcesBuildPhase section */
		BA9CFAC91840E56600B12540 /* Sources */ = {
			isa = PBXSourcesBuildPhase;
			buildActionMask = 2147483647;
			files = (
				BA9CFAE11840E56600B12540 /* MKAppDelegate.m in Sources */,
				BA9CFB071840F05000B12540 /* MKUISearchBarHelper.m in Sources */,
				BA23BF551842A31C0042A144 /* MKArtist.m in Sources */,
				BA23BF5B1842A3E90042A144 /* MKGenre.m in Sources */,
				BA23BF641842A45A0042A144 /* MKItem.m in Sources */,
				BA9CFAE71840E56600B12540 /* MKViewController.m in Sources */,
				BA9CFADD1840E56600B12540 /* main.m in Sources */,
				BA0527651842A7FD00D633D8 /* MKAlbums.m in Sources */,
				BA23BF611842A4390042A144 /* MKTopLyrics.m in Sources */,
				BA23BF581842A38D0042A144 /* MKRank.m in Sources */,
			);
			runOnlyForDeploymentPostprocessing = 0;
		};
		BA9CFAEA1840E56600B12540 /* Sources */ = {
			isa = PBXSourcesBuildPhase;
			buildActionMask = 2147483647;
			files = (
				BA9CFAFC1840E56600B12540 /* MusiKappTests.m in Sources */,
			);
			runOnlyForDeploymentPostprocessing = 0;
		};
/* End PBXSourcesBuildPhase section */

/* Begin PBXTargetDependency section */
		BA9CFAF41840E56600B12540 /* PBXTargetDependency */ = {
			isa = PBXTargetDependency;
			target = BA9CFACC1840E56600B12540 /* MusiKapp */;
			targetProxy = BA9CFAF31840E56600B12540 /* PBXContainerItemProxy */;
		};
/* End PBXTargetDependency section */

/* Begin PBXVariantGroup section */
		BA9CFAD91840E56600B12540 /* InfoPlist.strings */ = {
			isa = PBXVariantGroup;
			children = (
				BA9CFADA1840E56600B12540 /* en */,
			);
			name = InfoPlist.strings;
			sourceTree = "<group>";
		};
		BA9CFAE21840E56600B12540 /* Main.storyboard */ = {
			isa = PBXVariantGroup;
			children = (
				BA9CFAE31840E56600B12540 /* Base */,
			);
			name = Main.storyboard;
			sourceTree = "<group>";
		};
		BA9CFAF81840E56600B12540 /* InfoPlist.strings */ = {
			isa = PBXVariantGroup;
			children = (
				BA9CFAF91840E56600B12540 /* en */,
			);
			name = InfoPlist.strings;
			sourceTree = "<group>";
		};
/* End PBXVariantGroup section */

/* Begin XCBuildConfiguration section */
		BA9CFAFD1840E56600B12540 /* Debug */ = {
			isa = XCBuildConfiguration;
			buildSettings = {
				ALWAYS_SEARCH_USER_PATHS = NO;
				ARCHS = "$(ARCHS_STANDARD_INCLUDING_64_BIT)";
				CLANG_CXX_LANGUAGE_STANDARD = "gnu++0x";
				CLANG_CXX_LIBRARY = "libc++";
				CLANG_ENABLE_MODULES = YES;
				CLANG_ENABLE_OBJC_ARC = YES;
				CLANG_WARN_BOOL_CONVERSION = YES;
				CLANG_WARN_CONSTANT_CONVERSION = YES;
				CLANG_WARN_DIRECT_OBJC_ISA_USAGE = YES_ERROR;
				CLANG_WARN_EMPTY_BODY = YES;
				CLANG_WARN_ENUM_CONVERSION = YES;
				CLANG_WARN_INT_CONVERSION = YES;
				CLANG_WARN_OBJC_ROOT_CLASS = YES_ERROR;
				CLANG_WARN__DUPLICATE_METHOD_MATCH = YES;
				"CODE_SIGN_IDENTITY[sdk=iphoneos*]" = "iPhone Developer";
				COPY_PHASE_STRIP = NO;
				GCC_C_LANGUAGE_STANDARD = gnu99;
				GCC_DYNAMIC_NO_PIC = NO;
				GCC_OPTIMIZATION_LEVEL = 0;
				GCC_PREPROCESSOR_DEFINITIONS = (
					"DEBUG=1",
					"$(inherited)",
				);
				GCC_SYMBOLS_PRIVATE_EXTERN = NO;
				GCC_WARN_64_TO_32_BIT_CONVERSION = YES;
				GCC_WARN_ABOUT_RETURN_TYPE = YES_ERROR;
				GCC_WARN_UNDECLARED_SELECTOR = YES;
				GCC_WARN_UNINITIALIZED_AUTOS = YES;
				GCC_WARN_UNUSED_FUNCTION = YES;
				GCC_WARN_UNUSED_VARIABLE = YES;
				IPHONEOS_DEPLOYMENT_TARGET = 7.0;
				ONLY_ACTIVE_ARCH = YES;
				SDKROOT = iphoneos;
			};
			name = Debug;
		};
		BA9CFAFE1840E56600B12540 /* Release */ = {
			isa = XCBuildConfiguration;
			buildSettings = {
				ALWAYS_SEARCH_USER_PATHS = NO;
				ARCHS = "$(ARCHS_STANDARD_INCLUDING_64_BIT)";
				CLANG_CXX_LANGUAGE_STANDARD = "gnu++0x";
				CLANG_CXX_LIBRARY = "libc++";
				CLANG_ENABLE_MODULES = YES;
				CLANG_ENABLE_OBJC_ARC = YES;
				CLANG_WARN_BOOL_CONVERSION = YES;
				CLANG_WARN_CONSTANT_CONVERSION = YES;
				CLANG_WARN_DIRECT_OBJC_ISA_USAGE = YES_ERROR;
				CLANG_WARN_EMPTY_BODY = YES;
				CLANG_WARN_ENUM_CONVERSION = YES;
				CLANG_WARN_INT_CONVERSION = YES;
				CLANG_WARN_OBJC_ROOT_CLASS = YES_ERROR;
				CLANG_WARN__DUPLICATE_METHOD_MATCH = YES;
				"CODE_SIGN_IDENTITY[sdk=iphoneos*]" = "iPhone Developer";
				COPY_PHASE_STRIP = YES;
				ENABLE_NS_ASSERTIONS = NO;
				GCC_C_LANGUAGE_STANDARD = gnu99;
				GCC_WARN_64_TO_32_BIT_CONVERSION = YES;
				GCC_WARN_ABOUT_RETURN_TYPE = YES_ERROR;
				GCC_WARN_UNDECLARED_SELECTOR = YES;
				GCC_WARN_UNINITIALIZED_AUTOS = YES;
				GCC_WARN_UNUSED_FUNCTION = YES;
				GCC_WARN_UNUSED_VARIABLE = YES;
				IPHONEOS_DEPLOYMENT_TARGET = 7.0;
				SDKROOT = iphoneos;
				VALIDATE_PRODUCT = YES;
			};
			name = Release;
		};
		BA9CFB001840E56600B12540 /* Debug */ = {
			isa = XCBuildConfiguration;
			buildSettings = {
				ASSETCATALOG_COMPILER_APPICON_NAME = AppIcon;
				ASSETCATALOG_COMPILER_LAUNCHIMAGE_NAME = LaunchImage;
				GCC_PRECOMPILE_PREFIX_HEADER = YES;
				GCC_PREFIX_HEADER = "MusiKapp/MusiKapp-Prefix.pch";
				INFOPLIST_FILE = "MusiKapp/MusiKapp-Info.plist";
				PRODUCT_NAME = "$(TARGET_NAME)";
				WRAPPER_EXTENSION = app;
			};
			name = Debug;
		};
		BA9CFB011840E56600B12540 /* Release */ = {
			isa = XCBuildConfiguration;
			buildSettings = {
				ASSETCATALOG_COMPILER_APPICON_NAME = AppIcon;
				ASSETCATALOG_COMPILER_LAUNCHIMAGE_NAME = LaunchImage;
				GCC_PRECOMPILE_PREFIX_HEADER = YES;
				GCC_PREFIX_HEADER = "MusiKapp/MusiKapp-Prefix.pch";
				INFOPLIST_FILE = "MusiKapp/MusiKapp-Info.plist";
				PRODUCT_NAME = "$(TARGET_NAME)";
				WRAPPER_EXTENSION = app;
			};
			name = Release;
		};
		BA9CFB031840E56600B12540 /* Debug */ = {
			isa = XCBuildConfiguration;
			buildSettings = {
				ARCHS = "$(ARCHS_STANDARD_INCLUDING_64_BIT)";
				BUNDLE_LOADER = "$(BUILT_PRODUCTS_DIR)/MusiKapp.app/MusiKapp";
				FRAMEWORK_SEARCH_PATHS = (
					"$(SDKROOT)/Developer/Library/Frameworks",
					"$(inherited)",
					"$(DEVELOPER_FRAMEWORKS_DIR)",
				);
				GCC_PRECOMPILE_PREFIX_HEADER = YES;
				GCC_PREFIX_HEADER = "MusiKapp/MusiKapp-Prefix.pch";
				GCC_PREPROCESSOR_DEFINITIONS = (
					"DEBUG=1",
					"$(inherited)",
				);
				INFOPLIST_FILE = "MusiKappTests/MusiKappTests-Info.plist";
				PRODUCT_NAME = "$(TARGET_NAME)";
				TEST_HOST = "$(BUNDLE_LOADER)";
				WRAPPER_EXTENSION = xctest;
			};
			name = Debug;
		};
		BA9CFB041840E56600B12540 /* Release */ = {
			isa = XCBuildConfiguration;
			buildSettings = {
				ARCHS = "$(ARCHS_STANDARD_INCLUDING_64_BIT)";
				BUNDLE_LOADER = "$(BUILT_PRODUCTS_DIR)/MusiKapp.app/MusiKapp";
				FRAMEWORK_SEARCH_PATHS = (
					"$(SDKROOT)/Developer/Library/Frameworks",
					"$(inherited)",
					"$(DEVELOPER_FRAMEWORKS_DIR)",
				);
				GCC_PRECOMPILE_PREFIX_HEADER = YES;
				GCC_PREFIX_HEADER = "MusiKapp/MusiKapp-Prefix.pch";
				INFOPLIST_FILE = "MusiKappTests/MusiKappTests-Info.plist";
				PRODUCT_NAME = "$(TARGET_NAME)";
				TEST_HOST = "$(BUNDLE_LOADER)";
				WRAPPER_EXTENSION = xctest;
			};
			name = Release;
		};
/* End XCBuildConfiguration section */

/* Begin XCConfigurationList section */
		BA9CFAC81840E56600B12540 /* Build configuration list for PBXProject "MusiKapp" */ = {
			isa = XCConfigurationList;
			buildConfigurations = (
				BA9CFAFD1840E56600B12540 /* Debug */,
				BA9CFAFE1840E56600B12540 /* Release */,
			);
			defaultConfigurationIsVisible = 0;
			defaultConfigurationName = Release;
		};
		BA9CFAFF1840E56600B12540 /* Build configuration list for PBXNativeTarget "MusiKapp" */ = {
			isa = XCConfigurationList;
			buildConfigurations = (
				BA9CFB001840E56600B12540 /* Debug */,
				BA9CFB011840E56600B12540 /* Release */,
			);
			defaultConfigurationIsVisible = 0;
			defaultConfigurationName = Release;
		};
		BA9CFB021840E56600B12540 /* Build configuration list for PBXNativeTarget "MusiKappTests" */ = {
			isa = XCConfigurationList;
			buildConfigurations = (
				BA9CFB031840E56600B12540 /* Debug */,
				BA9CFB041840E56600B12540 /* Release */,
			);
			defaultConfigurationIsVisible = 0;
			defaultConfigurationName = Release;
		};
/* End XCConfigurationList section */
	};
	rootObject = BA9CFAC51840E56600B12540 /* Project object */;
}
